
Microsoft Visual Studio Solution File, Format Version 12.00
# Visual Studio Version 17
VisualStudioVersion = 17.3.32811.315
MinimumVisualStudioVersion = 10.0.40219.1
Project("{FAE04EC0-301F-11D3-BF4B-00C04F79EFBC}") = "GarageManager", "GarageManager.csproj", "{89DFEBF0-6AE3-463E-A5DC-5CB1E421895E}"
EndProject
Global
	GlobalSection(SolutionConfigurationPlatforms) = preSolution
		Debug|Any CPU = Debug|Any CPU
		Release|Any CPU = Release|Any CPU
	EndGlobalSection
	GlobalSection(ProjectConfigurationPlatforms) = postSolution
		{89DFEBF0-6AE3-463E-A5DC-5CB1E421895E}.Debug|Any CPU.ActiveCfg = Debug|Any CPU
		{89DFEBF0-6AE3-463E-A5DC-5CB1E421895E}.Debug|Any CPU.Build.0 = Debug|Any CPU
		{89DFEBF0-6AE3-463E-A5DC-5CB1E421895E}.Release|Any CPU.ActiveCfg = Release|Any CPU
		{89DFEBF0-6AE3-463E-A5DC-5CB1E421895E}.Release|Any CPU.Build.0 = Release|Any CPU
	EndGlobalSection
	GlobalSection(SolutionProperties) = preSolution
		HideSolutionNode = FALSE
	EndGlobalSection
	GlobalSection(ExtensibilityGlobals) = postSolution
		SolutionGuid = {5E3EC678-41E7-451F-B710-72A9BDE23D76}
	EndGlobalSection
EndGlobal
